// !$*UTF8*$!
{
	archiveVersion = 1;
	classes = {
	};
	objectVersion = 50;
	objects = {

/* Begin PBXBuildFile section */
		0F5AFC4138AFB90309DE74DA /* Pods_CleanseDemo.framework in Frameworks */ = {isa = PBXBuildFile; fileRef = C136F265DC0469A2A49F85BA /* Pods_CleanseDemo.framework */; };
		8E59797B219B5BE6004E222B /* AppDelegate.swift in Sources */ = {isa = PBXBuildFile; fileRef = 8E59797A219B5BE6004E222B /* AppDelegate.swift */; };
		8E59797D219B5BE6004E222B /* ViewController.swift in Sources */ = {isa = PBXBuildFile; fileRef = 8E59797C219B5BE6004E222B /* ViewController.swift */; };
		8E597982219B5BE7004E222B /* Assets.xcassets in Resources */ = {isa = PBXBuildFile; fileRef = 8E597981219B5BE7004E222B /* Assets.xcassets */; };
		8E597985219B5BE7004E222B /* LaunchScreen.storyboard in Resources */ = {isa = PBXBuildFile; fileRef = 8E597983219B5BE7004E222B /* LaunchScreen.storyboard */; };
		8E59798F219B62C3004E222B /* Extensions.swift in Sources */ = {isa = PBXBuildFile; fileRef = 8E59798E219B62C3004E222B /* Extensions.swift */; };
/* End PBXBuildFile section */

/* Begin PBXFileReference section */
		53E003A2B31B8C6BFD39C2C5 /* Pods-CleanseDemo.release.xcconfig */ = {isa = PBXFileReference; includeInIndex = 1; lastKnownFileType = text.xcconfig; name = "Pods-CleanseDemo.release.xcconfig"; path = "Pods/Target Support Files/Pods-CleanseDemo/Pods-CleanseDemo.release.xcconfig"; sourceTree = "<group>"; };
		8E597977219B5BE6004E222B /* CleanseDemo.app */ = {isa = PBXFileReference; explicitFileType = wrapper.application; includeInIndex = 0; path = CleanseDemo.app; sourceTree = BUILT_PRODUCTS_DIR; };
		8E59797A219B5BE6004E222B /* AppDelegate.swift */ = {isa = PBXFileReference; lastKnownFileType = sourcecode.swift; path = AppDelegate.swift; sourceTree = "<group>"; };
		8E59797C219B5BE6004E222B /* ViewController.swift */ = {isa = PBXFileReference; lastKnownFileType = sourcecode.swift; path = ViewController.swift; sourceTree = "<group>"; };
		8E597981219B5BE7004E222B /* Assets.xcassets */ = {isa = PBXFileReference; lastKnownFileType = folder.assetcatalog; path = Assets.xcassets; sourceTree = "<group>"; };
		8E597984219B5BE7004E222B /* Base */ = {isa = PBXFileReference; lastKnownFileType = file.storyboard; name = Base; path = Base.lproj/LaunchScreen.storyboard; sourceTree = "<group>"; };
		8E597986219B5BE7004E222B /* Info.plist */ = {isa = PBXFileReference; lastKnownFileType = text.plist.xml; path = Info.plist; sourceTree = "<group>"; };
		8E59798E219B62C3004E222B /* Extensions.swift */ = {isa = PBXFileReference; lastKnownFileType = sourcecode.swift; path = Extensions.swift; sourceTree = "<group>"; };
		C136F265DC0469A2A49F85BA /* Pods_CleanseDemo.framework */ = {isa = PBXFileReference; explicitFileType = wrapper.framework; includeInIndex = 0; path = Pods_CleanseDemo.framework; sourceTree = BUILT_PRODUCTS_DIR; };
		EEEF84AD490F50B2D23D7444 /* Pods-CleanseDemo.debug.xcconfig */ = {isa = PBXFileReference; includeInIndex = 1; lastKnownFileType = text.xcconfig; name = "Pods-CleanseDemo.debug.xcconfig"; path = "Pods/Target Support Files/Pods-CleanseDemo/Pods-CleanseDemo.debug.xcconfig"; sourceTree = "<group>"; };
/* End PBXFileReference section */

/* Begin PBXFrameworksBuildPhase section */
		8E597974219B5BE6004E222B /* Frameworks */ = {
			isa = PBXFrameworksBuildPhase;
			buildActionMask = 2147483647;
			files = (
				0F5AFC4138AFB90309DE74DA /* Pods_CleanseDemo.framework in Frameworks */,
			);
			runOnlyForDeploymentPostprocessing = 0;
		};
/* End PBXFrameworksBuildPhase section */

/* Begin PBXGroup section */
		7D7AE50D4F99892617B1E41C /* Frameworks */ = {
			isa = PBXGroup;
			children = (
				C136F265DC0469A2A49F85BA /* Pods_CleanseDemo.framework */,
			);
			name = Frameworks;
			sourceTree = "<group>";
		};
		8E59796E219B5BE6004E222B = {
			isa = PBXGroup;
			children = (
				8E597979219B5BE6004E222B /* CleanseDemo */,
				8E597978219B5BE6004E222B /* Products */,
				9B167009D09AE3057C8FB14D /* Pods */,
				7D7AE50D4F99892617B1E41C /* Frameworks */,
			);
			sourceTree = "<group>";
		};
		8E597978219B5BE6004E222B /* Products */ = {
			isa = PBXGroup;
			children = (
				8E597977219B5BE6004E222B /* CleanseDemo.app */,
			);
			name = Products;
			sourceTree = "<group>";
		};
		8E597979219B5BE6004E222B /* CleanseDemo */ = {
			isa = PBXGroup;
			children = (
				8E59798D219B62AF004E222B /* Utils */,
				8E59798C219B613B004E222B /* Supporting Files */,
				8E59797A219B5BE6004E222B /* AppDelegate.swift */,
				8E59797C219B5BE6004E222B /* ViewController.swift */,
				8E597986219B5BE7004E222B /* Info.plist */,
			);
			path = CleanseDemo;
			sourceTree = "<group>";
		};
		8E59798C219B613B004E222B /* Supporting Files */ = {
			isa = PBXGroup;
			children = (
				8E597983219B5BE7004E222B /* LaunchScreen.storyboard */,
				8E597981219B5BE7004E222B /* Assets.xcassets */,
			);
			path = "Supporting Files";
			sourceTree = "<group>";
		};
		8E59798D219B62AF004E222B /* Utils */ = {
			isa = PBXGroup;
			children = (
				8E59798E219B62C3004E222B /* Extensions.swift */,
			);
			path = Utils;
			sourceTree = "<group>";
		};
		9B167009D09AE3057C8FB14D /* Pods */ = {
			isa = PBXGroup;
			children = (
				EEEF84AD490F50B2D23D7444 /* Pods-CleanseDemo.debug.xcconfig */,
				53E003A2B31B8C6BFD39C2C5 /* Pods-CleanseDemo.release.xcconfig */,
			);
			name = Pods;
			sourceTree = "<group>";
		};
/* End PBXGroup section */

/* Begin PBXNativeTarget section */
		8E597976219B5BE6004E222B /* CleanseDemo */ = {
			isa = PBXNativeTarget;
			buildConfigurationList = 8E597989219B5BE7004E222B /* Build configuration list for PBXNativeTarget "CleanseDemo" */;
			buildPhases = (
				1AF616082DFF5311D22FA47B /* [CP] Check Pods Manifest.lock */,
				8E597973219B5BE6004E222B /* Sources */,
				8E597974219B5BE6004E222B /* Frameworks */,
				8E597975219B5BE6004E222B /* Resources */,
				0159DB344B301F5BF4B05D7D /* [CP] Embed Pods Frameworks */,
			);
			buildRules = (
			);
			dependencies = (
			);
			name = CleanseDemo;
			productName = CleanseDemo;
			productReference = 8E597977219B5BE6004E222B /* CleanseDemo.app */;
			productType = "com.apple.product-type.application";
		};
/* End PBXNativeTarget section */

/* Begin PBXProject section */
		8E59796F219B5BE6004E222B /* Project object */ = {
			isa = PBXProject;
			attributes = {
				LastSwiftUpdateCheck = 1010;
				LastUpgradeCheck = 1010;
				ORGANIZATIONNAME = "Andreas Lüdemann";
				TargetAttributes = {
					8E597976219B5BE6004E222B = {
						CreatedOnToolsVersion = 10.1;
					};
				};
			};
			buildConfigurationList = 8E597972219B5BE6004E222B /* Build configuration list for PBXProject "CleanseDemo" */;
			compatibilityVersion = "Xcode 9.3";
			developmentRegion = en;
			hasScannedForEncodings = 0;
			knownRegions = (
				en,
				Base,
			);
			mainGroup = 8E59796E219B5BE6004E222B;
			productRefGroup = 8E597978219B5BE6004E222B /* Products */;
			projectDirPath = "";
			projectRoot = "";
			targets = (
				8E597976219B5BE6004E222B /* CleanseDemo */,
			);
		};
/* End PBXProject section */

/* Begin PBXResourcesBuildPhase section */
		8E597975219B5BE6004E222B /* Resources */ = {
			isa = PBXResourcesBuildPhase;
			buildActionMask = 2147483647;
			files = (
				8E597985219B5BE7004E222B /* LaunchScreen.storyboard in Resources */,
				8E597982219B5BE7004E222B /* Assets.xcassets in Resources */,
			);
			runOnlyForDeploymentPostprocessing = 0;
		};
/* End PBXResourcesBuildPhase section */

/* Begin PBXShellScriptBuildPhase section */
		0159DB344B301F5BF4B05D7D /* [CP] Embed Pods Frameworks */ = {
			isa = PBXShellScriptBuildPhase;
			buildActionMask = 2147483647;
			files = (
			);
			inputFileListPaths = (
			);
			inputPaths = (
				"${SRCROOT}/Pods/Target Support Files/Pods-CleanseDemo/Pods-CleanseDemo-frameworks.sh",
				"${BUILT_PRODUCTS_DIR}/Cleanse/Cleanse.framework",
			);
			name = "[CP] Embed Pods Frameworks";
			outputFileListPaths = (
			);
			outputPaths = (
				"${TARGET_BUILD_DIR}/${FRAMEWORKS_FOLDER_PATH}/Cleanse.framework",
			);
			runOnlyForDeploymentPostprocessing = 0;
			shellPath = /bin/sh;
			shellScript = "\"${SRCROOT}/Pods/Target Support Files/Pods-CleanseDemo/Pods-CleanseDemo-frameworks.sh\"\n";
			showEnvVarsInLog = 0;
		};
		1AF616082DFF5311D22FA47B /* [CP] Check Pods Manifest.lock */ = {
			isa = PBXShellScriptBuildPhase;
			buildActionMask = 2147483647;
			files = (
			);
			inputFileListPaths = (
			);
			inputPaths = (
				"${PODS_PODFILE_DIR_PATH}/Podfile.lock",
				"${PODS_ROOT}/Manifest.lock",
			);
			name = "[CP] Check Pods Manifest.lock";
			outputFileListPaths = (
			);
			outputPaths = (
				"$(DERIVED_FILE_DIR)/Pods-CleanseDemo-checkManifestLockResult.txt",
			);
			runOnlyForDeploymentPostprocessing = 0;
			shellPath = /bin/sh;
			shellScript = "diff \"${PODS_PODFILE_DIR_PATH}/Podfile.lock\" \"${PODS_ROOT}/Manifest.lock\" > /dev/null\nif [ $? != 0 ] ; then\n    # print error to STDERR\n    echo \"error: The sandbox is not in sync with the Podfile.lock. Run 'pod install' or update your CocoaPods installation.\" >&2\n    exit 1\nfi\n# This output is used by Xcode 'outputs' to avoid re-running this script phase.\necho \"SUCCESS\" > \"${SCRIPT_OUTPUT_FILE_0}\"\n";
			showEnvVarsInLog = 0;
		};
/* End PBXShellScriptBuildPhase section */

/* Begin PBXSourcesBuildPhase section */
		8E597973219B5BE6004E222B /* Sources */ = {
			isa = PBXSourcesBuildPhase;
			buildActionMask = 2147483647;
			files = (
				8E59797D219B5BE6004E222B /* ViewController.swift in Sources */,
				8E59798F219B62C3004E222B /* Extensions.swift in Sources */,
				8E59797B219B5BE6004E222B /* AppDelegate.swift in Sources */,
			);
			runOnlyForDeploymentPostprocessing = 0;
		};
/* End PBXSourcesBuildPhase section */

/* Begin PBXVariantGroup section */
		8E597983219B5BE7004E222B /* LaunchScreen.storyboard */ = {
			isa = PBXVariantGroup;
			children = (
				8E597984219B5BE7004E222B /* Base */,
			);
			name = LaunchScreen.storyboard;
			sourceTree = "<group>";
		};
/* End PBXVariantGroup section */

/* Begin XCBuildConfiguration section */
		8E597987219B5BE7004E222B /* Debug */ = {
			isa = XCBuildConfiguration;
			buildSettings = {
				ALWAYS_SEARCH_USER_PATHS = NO;
				CLANG_ANALYZER_NONNULL = YES;
				CLANG_ANALYZER_NUMBER_OBJECT_CONVERSION = YES_AGGRESSIVE;
				CLANG_CXX_LANGUAGE_STANDARD = "gnu++14";
				CLANG_CXX_LIBRARY = "libc++";
				CLANG_ENABLE_MODULES = YES;
				CLANG_ENABLE_OBJC_ARC = YES;
				CLANG_ENABLE_OBJC_WEAK = YES;
				CLANG_WARN_BLOCK_CAPTURE_AUTORELEASING = YES;
				CLANG_WARN_BOOL_CONVERSION = YES;
				CLANG_WARN_COMMA = YES;
				CLANG_WARN_CONSTANT_CONVERSION = YES;
				CLANG_WARN_DEPRECATED_OBJC_IMPLEMENTATIONS = YES;
				CLANG_WARN_DIRECT_OBJC_ISA_USAGE = YES_ERROR;
				CLANG_WARN_DOCUMENTATION_COMMENTS = YES;
				CLANG_WARN_EMPTY_BODY = YES;
				CLANG_WARN_ENUM_CONVERSION = YES;
				CLANG_WARN_INFINITE_RECURSION = YES;
				CLANG_WARN_INT_CONVERSION = YES;
				CLANG_WARN_NON_LITERAL_NULL_CONVERSION = YES;
				CLANG_WARN_OBJC_IMPLICIT_RETAIN_SELF = YES;
				CLANG_WARN_OBJC_LITERAL_CONVERSION = YES;
				CLANG_WARN_OBJC_ROOT_CLASS = YES_ERROR;
				CLANG_WARN_RANGE_LOOP_ANALYSIS = YES;
				CLANG_WARN_STRICT_PROTOTYPES = YES;
				CLANG_WARN_SUSPICIOUS_MOVE = YES;
				CLANG_WARN_UNGUARDED_AVAILABILITY = YES_AGGRESSIVE;
				CLANG_WARN_UNREACHABLE_CODE = YES;
				CLANG_WARN__DUPLICATE_METHOD_MATCH = YES;
				CODE_SIGN_IDENTITY = "iPhone Developer";
				COPY_PHASE_STRIP = NO;
				DEBUG_INFORMATION_FORMAT = dwarf;
				ENABLE_STRICT_OBJC_MSGSEND = YES;
				ENABLE_TESTABILITY = YES;
				GCC_C_LANGUAGE_STANDARD = gnu11;
				GCC_DYNAMIC_NO_PIC = NO;
				GCC_NO_COMMON_BLOCKS = YES;
				GCC_OPTIMIZATION_LEVEL = 0;
				GCC_PREPROCESSOR_DEFINITIONS = (
					"DEBUG=1",
					"$(inherited)",
				);
				GCC_WARN_64_TO_32_BIT_CONVERSION = YES;
				GCC_WARN_ABOUT_RETURN_TYPE = YES_ERROR;
				GCC_WARN_UNDECLARED_SELECTOR = YES;
				GCC_WARN_UNINITIALIZED_AUTOS = YES_AGGRESSIVE;
				GCC_WARN_UNUSED_FUNCTION = YES;
				GCC_WARN_UNUSED_VARIABLE = YES;
				IPHONEOS_DEPLOYMENT_TARGET = 12.1;
				MTL_ENABLE_DEBUG_INFO = INCLUDE_SOURCE;
				MTL_FAST_MATH = YES;
				ONLY_ACTIVE_ARCH = YES;
				SDKROOT = iphoneos;
				SWIFT_ACTIVE_COMPILATION_CONDITIONS = DEBUG;
				SWIFT_OPTIMIZATION_LEVEL = "-Onone";
			};
			name = Debug;
		};
		8E597988219B5BE7004E222B /* Release */ = {
			isa = XCBuildConfiguration;
			buildSettings = {
				ALWAYS_SEARCH_USER_PATHS = NO;
				CLANG_ANALYZER_NONNULL = YES;
				CLANG_ANALYZER_NUMBER_OBJECT_CONVERSION = YES_AGGRESSIVE;
				CLANG_CXX_LANGUAGE_STANDARD = "gnu++14";
				CLANG_CXX_LIBRARY = "libc++";
				CLANG_ENABLE_MODULES = YES;
				CLANG_ENABLE_OBJC_ARC = YES;
				CLANG_ENABLE_OBJC_WEAK = YES;
				CLANG_WARN_BLOCK_CAPTURE_AUTORELEASING = YES;
				CLANG_WARN_BOOL_CONVERSION = YES;
				CLANG_WARN_COMMA = YES;
				CLANG_WARN_CONSTANT_CONVERSION = YES;
				CLANG_WARN_DEPRECATED_OBJC_IMPLEMENTATIONS = YES;
				CLANG_WARN_DIRECT_OBJC_ISA_USAGE = YES_ERROR;
				CLANG_WARN_DOCUMENTATION_COMMENTS = YES;
				CLANG_WARN_EMPTY_BODY = YES;
				CLANG_WARN_ENUM_CONVERSION = YES;
				CLANG_WARN_INFINITE_RECURSION = YES;
				CLANG_WARN_INT_CONVERSION = YES;
				CLANG_WARN_NON_LITERAL_NULL_CONVERSION = YES;
				CLANG_WARN_OBJC_IMPLICIT_RETAIN_SELF = YES;
				CLANG_WARN_OBJC_LITERAL_CONVERSION = YES;
				CLANG_WARN_OBJC_ROOT_CLASS = YES_ERROR;
				CLANG_WARN_RANGE_LOOP_ANALYSIS = YES;
				CLANG_WARN_STRICT_PROTOTYPES = YES;
				CLANG_WARN_SUSPICIOUS_MOVE = YES;
				CLANG_WARN_UNGUARDED_AVAILABILITY = YES_AGGRESSIVE;
				CLANG_WARN_UNREACHABLE_CODE = YES;
				CLANG_WARN__DUPLICATE_METHOD_MATCH = YES;
				CODE_SIGN_IDENTITY = "iPhone Developer";
				COPY_PHASE_STRIP = NO;
				DEBUG_INFORMATION_FORMAT = "dwarf-with-dsym";
				ENABLE_NS_ASSERTIONS = NO;
				ENABLE_STRICT_OBJC_MSGSEND = YES;
				GCC_C_LANGUAGE_STANDARD = gnu11;
				GCC_NO_COMMON_BLOCKS = YES;
				GCC_WARN_64_TO_32_BIT_CONVERSION = YES;
				GCC_WARN_ABOUT_RETURN_TYPE = YES_ERROR;
				GCC_WARN_UNDECLARED_SELECTOR = YES;
				GCC_WARN_UNINITIALIZED_AUTOS = YES_AGGRESSIVE;
				GCC_WARN_UNUSED_FUNCTION = YES;
				GCC_WARN_UNUSED_VARIABLE = YES;
				IPHONEOS_DEPLOYMENT_TARGET = 12.1;
				MTL_ENABLE_DEBUG_INFO = NO;
				MTL_FAST_MATH = YES;
				SDKROOT = iphoneos;
				SWIFT_COMPILATION_MODE = wholemodule;
				SWIFT_OPTIMIZATION_LEVEL = "-O";
				VALIDATE_PRODUCT = YES;
			};
			name = Release;
		};
		8E59798A219B5BE7004E222B /* Debug */ = {
			isa = XCBuildConfiguration;
			baseConfigurationReference = EEEF84AD490F50B2D23D7444 /* Pods-CleanseDemo.debug.xcconfig */;
			buildSettings = {
				ASSETCATALOG_COMPILER_APPICON_NAME = AppIcon;
				CODE_SIGN_STYLE = Automatic;
				DEVELOPMENT_TEAM = XX77A4QKHR;
				INFOPLIST_FILE = CleanseDemo/Info.plist;
				LD_RUNPATH_SEARCH_PATHS = (
					"$(inherited)",
					"@executable_path/Frameworks",
				);
				PRODUCT_BUNDLE_IDENTIFIER = com.andreaslydemann.CleanseDemo;
				PRODUCT_NAME = "$(TARGET_NAME)";
				SWIFT_VERSION = 4.2;
				TARGETED_DEVICE_FAMILY = "1,2";
			};
			name = Debug;
		};
		8E59798B219B5BE7004E222B /* Release */ = {
			isa = XCBuildConfiguration;
			baseConfigurationReference = 53E003A2B31B8C6BFD39C2C5 /* Pods-CleanseDemo.release.xcconfig */;
			buildSettings = {
				ASSETCATALOG_COMPILER_APPICON_NAME = AppIcon;
				CODE_SIGN_STYLE = Automatic;
				DEVELOPMENT_TEAM = XX77A4QKHR;
				INFOPLIST_FILE = CleanseDemo/Info.plist;
				LD_RUNPATH_SEARCH_PATHS = (
					"$(inherited)",
					"@executable_path/Frameworks",
				);
				PRODUCT_BUNDLE_IDENTIFIER = com.andreaslydemann.CleanseDemo;
				PRODUCT_NAME = "$(TARGET_NAME)";
				SWIFT_VERSION = 4.2;
				TARGETED_DEVICE_FAMILY = "1,2";
			};
			name = Release;
		};
/* End XCBuildConfiguration section */

/* Begin XCConfigurationList section */
		8E597972219B5BE6004E222B /* Build configuration list for PBXProject "CleanseDemo" */ = {
			isa = XCConfigurationList;
			buildConfigurations = (
				8E597987219B5BE7004E222B /* Debug */,
				8E597988219B5BE7004E222B /* Release */,
			);
			defaultConfigurationIsVisible = 0;
			defaultConfigurationName = Release;
		};
		8E597989219B5BE7004E222B /* Build configuration list for PBXNativeTarget "CleanseDemo" */ = {
			isa = XCConfigurationList;
			buildConfigurations = (
				8E59798A219B5BE7004E222B /* Debug */,
				8E59798B219B5BE7004E222B /* Release */,
			);
			defaultConfigurationIsVisible = 0;
			defaultConfigurationName = Release;
		};
/* End XCConfigurationList section */
	};
	rootObject = 8E59796F219B5BE6004E222B /* Project object */;
}
